
Microsoft Visual Studio Solution File, Format Version 12.00
# Visual Studio Version 17
VisualStudioVersion = 17.13.35818.85 d17.13
MinimumVisualStudioVersion = 10.0.40219.1
Project("{FAE04EC0-301F-11D3-BF4B-00C04F79EFBC}") = "DecoratorExample", "DecoratorExample\DecoratorExample.csproj", "{EFB16474-E09C-4419-A82F-4C88867AB2F0}"
EndProject
Global
	GlobalSection(SolutionConfigurationPlatforms) = preSolution
		Debug|Any CPU = Debug|Any CPU
		Release|Any CPU = Release|Any CPU
	EndGlobalSection
	GlobalSection(ProjectConfigurationPlatforms) = postSolution
		{EFB16474-E09C-4419-A82F-4C88867AB2F0}.Debug|Any CPU.ActiveCfg = Debug|Any CPU
		{EFB16474-E09C-4419-A82F-4C88867AB2F0}.Debug|Any CPU.Build.0 = Debug|Any CPU
		{EFB16474-E09C-4419-A82F-4C88867AB2F0}.Release|Any CPU.ActiveCfg = Release|Any CPU
		{EFB16474-E09C-4419-A82F-4C88867AB2F0}.Release|Any CPU.Build.0 = Release|Any CPU
	EndGlobalSection
	GlobalSection(SolutionProperties) = preSolution
		HideSolutionNode = FALSE
	EndGlobalSection
	GlobalSection(ExtensibilityGlobals) = postSolution
		SolutionGuid = {3B6F5387-7DBE-4C35-AC65-14174A3623A8}
	EndGlobalSection
EndGlobal
